// !$*UTF8*$!
{
	archiveVersion = 1;
	classes = {
	};
	objectVersion = 48;
	objects = {

/* Begin PBXBuildFile section */
		14877780206B9B8C006B0365 /* RegisterViewController.swift in Sources */ = {isa = PBXBuildFile; fileRef = 1487777F206B9B8C006B0365 /* RegisterViewController.swift */; };
		7B978EDB2063B1D600ABB0D5 /* AppDelegate.swift in Sources */ = {isa = PBXBuildFile; fileRef = 7B978EDA2063B1D600ABB0D5 /* AppDelegate.swift */; };
		7B978EDD2063B1D600ABB0D5 /* LoginViewController.swift in Sources */ = {isa = PBXBuildFile; fileRef = 7B978EDC2063B1D600ABB0D5 /* LoginViewController.swift */; };
		7B978EE02063B1D600ABB0D5 /* Main.storyboard in Resources */ = {isa = PBXBuildFile; fileRef = 7B978EDE2063B1D600ABB0D5 /* Main.storyboard */; };
		7B978EE32063B1D600ABB0D5 /* foodOrderApp.xcdatamodeld in Sources */ = {isa = PBXBuildFile; fileRef = 7B978EE12063B1D600ABB0D5 /* foodOrderApp.xcdatamodeld */; };
		7B978EE52063B1D600ABB0D5 /* Assets.xcassets in Resources */ = {isa = PBXBuildFile; fileRef = 7B978EE42063B1D600ABB0D5 /* Assets.xcassets */; };
		7B978EE82063B1D600ABB0D5 /* LaunchScreen.storyboard in Resources */ = {isa = PBXBuildFile; fileRef = 7B978EE62063B1D600ABB0D5 /* LaunchScreen.storyboard */; };
		7B978EF32063B1D600ABB0D5 /* foodOrderAppTests.swift in Sources */ = {isa = PBXBuildFile; fileRef = 7B978EF22063B1D600ABB0D5 /* foodOrderAppTests.swift */; };
		7B978EFE2063B1D600ABB0D5 /* foodOrderAppUITests.swift in Sources */ = {isa = PBXBuildFile; fileRef = 7B978EFD2063B1D600ABB0D5 /* foodOrderAppUITests.swift */; };
/* End PBXBuildFile section */

/* Begin PBXContainerItemProxy section */
		7B978EEF2063B1D600ABB0D5 /* PBXContainerItemProxy */ = {
			isa = PBXContainerItemProxy;
			containerPortal = 7B978ECF2063B1D600ABB0D5 /* Project object */;
			proxyType = 1;
			remoteGlobalIDString = 7B978ED62063B1D600ABB0D5;
			remoteInfo = foodOrderApp;
		};
		7B978EFA2063B1D600ABB0D5 /* PBXContainerItemProxy */ = {
			isa = PBXContainerItemProxy;
			containerPortal = 7B978ECF2063B1D600ABB0D5 /* Project object */;
			proxyType = 1;
			remoteGlobalIDString = 7B978ED62063B1D600ABB0D5;
			remoteInfo = foodOrderApp;
		};
/* End PBXContainerItemProxy section */

/* Begin PBXFileReference section */
		1487777F206B9B8C006B0365 /* RegisterViewController.swift */ = {isa = PBXFileReference; lastKnownFileType = sourcecode.swift; path = RegisterViewController.swift; sourceTree = "<group>"; };
		7B978ED72063B1D600ABB0D5 /* foodOrderApp.app */ = {isa = PBXFileReference; explicitFileType = wrapper.application; includeInIndex = 0; path = foodOrderApp.app; sourceTree = BUILT_PRODUCTS_DIR; };
		7B978EDA2063B1D600ABB0D5 /* AppDelegate.swift */ = {isa = PBXFileReference; lastKnownFileType = sourcecode.swift; path = AppDelegate.swift; sourceTree = "<group>"; };
		7B978EDC2063B1D600ABB0D5 /* LoginViewController.swift */ = {isa = PBXFileReference; lastKnownFileType = sourcecode.swift; path = LoginViewController.swift; sourceTree = "<group>"; };
		7B978EDF2063B1D600ABB0D5 /* Base */ = {isa = PBXFileReference; lastKnownFileType = file.storyboard; name = Base; path = Base.lproj/Main.storyboard; sourceTree = "<group>"; };
		7B978EE22063B1D600ABB0D5 /* foodOrderApp.xcdatamodel */ = {isa = PBXFileReference; lastKnownFileType = wrapper.xcdatamodel; path = foodOrderApp.xcdatamodel; sourceTree = "<group>"; };
		7B978EE42063B1D600ABB0D5 /* Assets.xcassets */ = {isa = PBXFileReference; lastKnownFileType = folder.assetcatalog; path = Assets.xcassets; sourceTree = "<group>"; };
		7B978EE72063B1D600ABB0D5 /* Base */ = {isa = PBXFileReference; lastKnownFileType = file.storyboard; name = Base; path = Base.lproj/LaunchScreen.storyboard; sourceTree = "<group>"; };
		7B978EE92063B1D600ABB0D5 /* Info.plist */ = {isa = PBXFileReference; lastKnownFileType = text.plist.xml; path = Info.plist; sourceTree = "<group>"; };
		7B978EEE2063B1D600ABB0D5 /* foodOrderAppTests.xctest */ = {isa = PBXFileReference; explicitFileType = wrapper.cfbundle; includeInIndex = 0; path = foodOrderAppTests.xctest; sourceTree = BUILT_PRODUCTS_DIR; };
		7B978EF22063B1D600ABB0D5 /* foodOrderAppTests.swift */ = {isa = PBXFileReference; lastKnownFileType = sourcecode.swift; path = foodOrderAppTests.swift; sourceTree = "<group>"; };
		7B978EF42063B1D600ABB0D5 /* Info.plist */ = {isa = PBXFileReference; lastKnownFileType = text.plist.xml; path = Info.plist; sourceTree = "<group>"; };
		7B978EF92063B1D600ABB0D5 /* foodOrderAppUITests.xctest */ = {isa = PBXFileReference; explicitFileType = wrapper.cfbundle; includeInIndex = 0; path = foodOrderAppUITests.xctest; sourceTree = BUILT_PRODUCTS_DIR; };
		7B978EFD2063B1D600ABB0D5 /* foodOrderAppUITests.swift */ = {isa = PBXFileReference; lastKnownFileType = sourcecode.swift; path = foodOrderAppUITests.swift; sourceTree = "<group>"; };
		7B978EFF2063B1D600ABB0D5 /* Info.plist */ = {isa = PBXFileReference; lastKnownFileType = text.plist.xml; path = Info.plist; sourceTree = "<group>"; };
/* End PBXFileReference section */

/* Begin PBXFrameworksBuildPhase section */
		7B978ED42063B1D600ABB0D5 /* Frameworks */ = {
			isa = PBXFrameworksBuildPhase;
			buildActionMask = 2147483647;
			files = (
			);
			runOnlyForDeploymentPostprocessing = 0;
		};
		7B978EEB2063B1D600ABB0D5 /* Frameworks */ = {
			isa = PBXFrameworksBuildPhase;
			buildActionMask = 2147483647;
			files = (
			);
			runOnlyForDeploymentPostprocessing = 0;
		};
		7B978EF62063B1D600ABB0D5 /* Frameworks */ = {
			isa = PBXFrameworksBuildPhase;
			buildActionMask = 2147483647;
			files = (
			);
			runOnlyForDeploymentPostprocessing = 0;
		};
/* End PBXFrameworksBuildPhase section */

/* Begin PBXGroup section */
		14009552206B9E5C000829EC /* WebModel */ = {
			isa = PBXGroup;
			children = (
			);
			path = WebModel;
			sourceTree = "<group>";
		};
		1418EA32206B96FD00506E77 /* HelpFiles */ = {
			isa = PBXGroup;
			children = (
				7B978EDA2063B1D600ABB0D5 /* AppDelegate.swift */,
				7B978EE42063B1D600ABB0D5 /* Assets.xcassets */,
				7B978EE62063B1D600ABB0D5 /* LaunchScreen.storyboard */,
				7B978EE12063B1D600ABB0D5 /* foodOrderApp.xcdatamodeld */,
			);
			path = HelpFiles;
			sourceTree = "<group>";
		};
		1487777E206B97C2006B0365 /* Account */ = {
			isa = PBXGroup;
			children = (
				7B978EDC2063B1D600ABB0D5 /* LoginViewController.swift */,
				1487777F206B9B8C006B0365 /* RegisterViewController.swift */,
			);
			path = Account;
			sourceTree = "<group>";
		};
		7B978ECE2063B1D600ABB0D5 = {
			isa = PBXGroup;
			children = (
				7B978ED92063B1D600ABB0D5 /* foodOrderApp */,
				7B978EF12063B1D600ABB0D5 /* foodOrderAppTests */,
				7B978EFC2063B1D600ABB0D5 /* foodOrderAppUITests */,
				7B978ED82063B1D600ABB0D5 /* Products */,
			);
			sourceTree = "<group>";
		};
		7B978ED82063B1D600ABB0D5 /* Products */ = {
			isa = PBXGroup;
			children = (
				7B978ED72063B1D600ABB0D5 /* foodOrderApp.app */,
				7B978EEE2063B1D600ABB0D5 /* foodOrderAppTests.xctest */,
				7B978EF92063B1D600ABB0D5 /* foodOrderAppUITests.xctest */,
			);
			name = Products;
			sourceTree = "<group>";
		};
		7B978ED92063B1D600ABB0D5 /* foodOrderApp */ = {
			isa = PBXGroup;
			children = (
				14009552206B9E5C000829EC /* WebModel */,
				1487777E206B97C2006B0365 /* Account */,
				7B978EDE2063B1D600ABB0D5 /* Main.storyboard */,
				7B978EE92063B1D600ABB0D5 /* Info.plist */,
				1418EA32206B96FD00506E77 /* HelpFiles */,
			);
			path = foodOrderApp;
			sourceTree = "<group>";
		};
		7B978EF12063B1D600ABB0D5 /* foodOrderAppTests */ = {
			isa = PBXGroup;
			children = (
				7B978EF22063B1D600ABB0D5 /* foodOrderAppTests.swift */,
				7B978EF42063B1D600ABB0D5 /* Info.plist */,
			);
			path = foodOrderAppTests;
			sourceTree = "<group>";
		};
		7B978EFC2063B1D600ABB0D5 /* foodOrderAppUITests */ = {
			isa = PBXGroup;
			children = (
				7B978EFD2063B1D600ABB0D5 /* foodOrderAppUITests.swift */,
				7B978EFF2063B1D600ABB0D5 /* Info.plist */,
			);
			path = foodOrderAppUITests;
			sourceTree = "<group>";
		};
/* End PBXGroup section */

/* Begin PBXNativeTarget section */
		7B978ED62063B1D600ABB0D5 /* foodOrderApp */ = {
			isa = PBXNativeTarget;
			buildConfigurationList = 7B978F022063B1D600ABB0D5 /* Build configuration list for PBXNativeTarget "foodOrderApp" */;
			buildPhases = (
				7B978ED32063B1D600ABB0D5 /* Sources */,
				7B978ED42063B1D600ABB0D5 /* Frameworks */,
				7B978ED52063B1D600ABB0D5 /* Resources */,
			);
			buildRules = (
			);
			dependencies = (
			);
			name = foodOrderApp;
			productName = foodOrderApp;
			productReference = 7B978ED72063B1D600ABB0D5 /* foodOrderApp.app */;
			productType = "com.apple.product-type.application";
		};
		7B978EED2063B1D600ABB0D5 /* foodOrderAppTests */ = {
			isa = PBXNativeTarget;
			buildConfigurationList = 7B978F052063B1D600ABB0D5 /* Build configuration list for PBXNativeTarget "foodOrderAppTests" */;
			buildPhases = (
				7B978EEA2063B1D600ABB0D5 /* Sources */,
				7B978EEB2063B1D600ABB0D5 /* Frameworks */,
				7B978EEC2063B1D600ABB0D5 /* Resources */,
			);
			buildRules = (
			);
			dependencies = (
				7B978EF02063B1D600ABB0D5 /* PBXTargetDependency */,
			);
			name = foodOrderAppTests;
			productName = foodOrderAppTests;
			productReference = 7B978EEE2063B1D600ABB0D5 /* foodOrderAppTests.xctest */;
			productType = "com.apple.product-type.bundle.unit-test";
		};
		7B978EF82063B1D600ABB0D5 /* foodOrderAppUITests */ = {
			isa = PBXNativeTarget;
			buildConfigurationList = 7B978F082063B1D600ABB0D5 /* Build configuration list for PBXNativeTarget "foodOrderAppUITests" */;
			buildPhases = (
				7B978EF52063B1D600ABB0D5 /* Sources */,
				7B978EF62063B1D600ABB0D5 /* Frameworks */,
				7B978EF72063B1D600ABB0D5 /* Resources */,
			);
			buildRules = (
			);
			dependencies = (
				7B978EFB2063B1D600ABB0D5 /* PBXTargetDependency */,
			);
			name = foodOrderAppUITests;
			productName = foodOrderAppUITests;
			productReference = 7B978EF92063B1D600ABB0D5 /* foodOrderAppUITests.xctest */;
			productType = "com.apple.product-type.bundle.ui-testing";
		};
/* End PBXNativeTarget section */

/* Begin PBXProject section */
		7B978ECF2063B1D600ABB0D5 /* Project object */ = {
			isa = PBXProject;
			attributes = {
				LastSwiftUpdateCheck = 0920;
				LastUpgradeCheck = 0920;
				ORGANIZATIONNAME = NAsoftware;
				TargetAttributes = {
					7B978ED62063B1D600ABB0D5 = {
						CreatedOnToolsVersion = 9.2;
						ProvisioningStyle = Automatic;
					};
					7B978EED2063B1D600ABB0D5 = {
						CreatedOnToolsVersion = 9.2;
						ProvisioningStyle = Automatic;
						TestTargetID = 7B978ED62063B1D600ABB0D5;
					};
					7B978EF82063B1D600ABB0D5 = {
						CreatedOnToolsVersion = 9.2;
						ProvisioningStyle = Automatic;
						TestTargetID = 7B978ED62063B1D600ABB0D5;
					};
				};
			};
			buildConfigurationList = 7B978ED22063B1D600ABB0D5 /* Build configuration list for PBXProject "foodOrderApp" */;
			compatibilityVersion = "Xcode 8.0";
			developmentRegion = en;
			hasScannedForEncodings = 0;
			knownRegions = (
				en,
				Base,
			);
			mainGroup = 7B978ECE2063B1D600ABB0D5;
			productRefGroup = 7B978ED82063B1D600ABB0D5 /* Products */;
			projectDirPath = "";
			projectRoot = "";
			targets = (
				7B978ED62063B1D600ABB0D5 /* foodOrderApp */,
				7B978EED2063B1D600ABB0D5 /* foodOrderAppTests */,
				7B978EF82063B1D600ABB0D5 /* foodOrderAppUITests */,
			);
		};
/* End PBXProject section */

/* Begin PBXResourcesBuildPhase section */
		7B978ED52063B1D600ABB0D5 /* Resources */ = {
			isa = PBXResourcesBuildPhase;
			buildActionMask = 2147483647;
			files = (
				7B978EE82063B1D600ABB0D5 /* LaunchScreen.storyboard in Resources */,
				7B978EE52063B1D600ABB0D5 /* Assets.xcassets in Resources */,
				7B978EE02063B1D600ABB0D5 /* Main.storyboard in Resources */,
			);
			runOnlyForDeploymentPostprocessing = 0;
		};
		7B978EEC2063B1D600ABB0D5 /* Resources */ = {
			isa = PBXResourcesBuildPhase;
			buildActionMask = 2147483647;
			files = (
			);
			runOnlyForDeploymentPostprocessing = 0;
		};
		7B978EF72063B1D600ABB0D5 /* Resources */ = {
			isa = PBXResourcesBuildPhase;
			buildActionMask = 2147483647;
			files = (
			);
			runOnlyForDeploymentPostprocessing = 0;
		};
/* End PBXResourcesBuildPhase section */

/* Begin PBXSourcesBuildPhase section */
		7B978ED32063B1D600ABB0D5 /* Sources */ = {
			isa = PBXSourcesBuildPhase;
			buildActionMask = 2147483647;
			files = (
				7B978EDD2063B1D600ABB0D5 /* LoginViewController.swift in Sources */,
				7B978EDB2063B1D600ABB0D5 /* AppDelegate.swift in Sources */,
				7B978EE32063B1D600ABB0D5 /* foodOrderApp.xcdatamodeld in Sources */,
				14877780206B9B8C006B0365 /* RegisterViewController.swift in Sources */,
			);
			runOnlyForDeploymentPostprocessing = 0;
		};
		7B978EEA2063B1D600ABB0D5 /* Sources */ = {
			isa = PBXSourcesBuildPhase;
			buildActionMask = 2147483647;
			files = (
				7B978EF32063B1D600ABB0D5 /* foodOrderAppTests.swift in Sources */,
			);
			runOnlyForDeploymentPostprocessing = 0;
		};
		7B978EF52063B1D600ABB0D5 /* Sources */ = {
			isa = PBXSourcesBuildPhase;
			buildActionMask = 2147483647;
			files = (
				7B978EFE2063B1D600ABB0D5 /* foodOrderAppUITests.swift in Sources */,
			);
			runOnlyForDeploymentPostprocessing = 0;
		};
/* End PBXSourcesBuildPhase section */

/* Begin PBXTargetDependency section */
		7B978EF02063B1D600ABB0D5 /* PBXTargetDependency */ = {
			isa = PBXTargetDependency;
			target = 7B978ED62063B1D600ABB0D5 /* foodOrderApp */;
			targetProxy = 7B978EEF2063B1D600ABB0D5 /* PBXContainerItemProxy */;
		};
		7B978EFB2063B1D600ABB0D5 /* PBXTargetDependency */ = {
			isa = PBXTargetDependency;
			target = 7B978ED62063B1D600ABB0D5 /* foodOrderApp */;
			targetProxy = 7B978EFA2063B1D600ABB0D5 /* PBXContainerItemProxy */;
		};
/* End PBXTargetDependency section */

/* Begin PBXVariantGroup section */
		7B978EDE2063B1D600ABB0D5 /* Main.storyboard */ = {
			isa = PBXVariantGroup;
			children = (
				7B978EDF2063B1D600ABB0D5 /* Base */,
			);
			name = Main.storyboard;
			sourceTree = "<group>";
		};
		7B978EE62063B1D600ABB0D5 /* LaunchScreen.storyboard */ = {
			isa = PBXVariantGroup;
			children = (
				7B978EE72063B1D600ABB0D5 /* Base */,
			);
			name = LaunchScreen.storyboard;
			sourceTree = "<group>";
		};
/* End PBXVariantGroup section */

/* Begin XCBuildConfiguration section */
		7B978F002063B1D600ABB0D5 /* Debug */ = {
			isa = XCBuildConfiguration;
			buildSettings = {
				ALWAYS_SEARCH_USER_PATHS = NO;
				CLANG_ANALYZER_NONNULL = YES;
				CLANG_ANALYZER_NUMBER_OBJECT_CONVERSION = YES_AGGRESSIVE;
				CLANG_CXX_LANGUAGE_STANDARD = "gnu++14";
				CLANG_CXX_LIBRARY = "libc++";
				CLANG_ENABLE_MODULES = YES;
				CLANG_ENABLE_OBJC_ARC = YES;
				CLANG_WARN_BLOCK_CAPTURE_AUTORELEASING = YES;
				CLANG_WARN_BOOL_CONVERSION = YES;
				CLANG_WARN_COMMA = YES;
				CLANG_WARN_CONSTANT_CONVERSION = YES;
				CLANG_WARN_DIRECT_OBJC_ISA_USAGE = YES_ERROR;
				CLANG_WARN_DOCUMENTATION_COMMENTS = YES;
				CLANG_WARN_EMPTY_BODY = YES;
				CLANG_WARN_ENUM_CONVERSION = YES;
				CLANG_WARN_INFINITE_RECURSION = YES;
				CLANG_WARN_INT_CONVERSION = YES;
				CLANG_WARN_NON_LITERAL_NULL_CONVERSION = YES;
				CLANG_WARN_OBJC_LITERAL_CONVERSION = YES;
				CLANG_WARN_OBJC_ROOT_CLASS = YES_ERROR;
				CLANG_WARN_RANGE_LOOP_ANALYSIS = YES;
				CLANG_WARN_STRICT_PROTOTYPES = YES;
				CLANG_WARN_SUSPICIOUS_MOVE = YES;
				CLANG_WARN_UNGUARDED_AVAILABILITY = YES_AGGRESSIVE;
				CLANG_WARN_UNREACHABLE_CODE = YES;
				CLANG_WARN__DUPLICATE_METHOD_MATCH = YES;
				CODE_SIGN_IDENTITY = "iPhone Developer";
				COPY_PHASE_STRIP = NO;
				DEBUG_INFORMATION_FORMAT = dwarf;
				ENABLE_STRICT_OBJC_MSGSEND = YES;
				ENABLE_TESTABILITY = YES;
				GCC_C_LANGUAGE_STANDARD = gnu11;
				GCC_DYNAMIC_NO_PIC = NO;
				GCC_NO_COMMON_BLOCKS = YES;
				GCC_OPTIMIZATION_LEVEL = 0;
				GCC_PREPROCESSOR_DEFINITIONS = (
					"DEBUG=1",
					"$(inherited)",
				);
				GCC_WARN_64_TO_32_BIT_CONVERSION = YES;
				GCC_WARN_ABOUT_RETURN_TYPE = YES_ERROR;
				GCC_WARN_UNDECLARED_SELECTOR = YES;
				GCC_WARN_UNINITIALIZED_AUTOS = YES_AGGRESSIVE;
				GCC_WARN_UNUSED_FUNCTION = YES;
				GCC_WARN_UNUSED_VARIABLE = YES;
				IPHONEOS_DEPLOYMENT_TARGET = 11.2;
				MTL_ENABLE_DEBUG_INFO = YES;
				ONLY_ACTIVE_ARCH = YES;
				SDKROOT = iphoneos;
				SWIFT_ACTIVE_COMPILATION_CONDITIONS = DEBUG;
				SWIFT_OPTIMIZATION_LEVEL = "-Onone";
			};
			name = Debug;
		};
		7B978F012063B1D600ABB0D5 /* Release */ = {
			isa = XCBuildConfiguration;
			buildSettings = {
				ALWAYS_SEARCH_USER_PATHS = NO;
				CLANG_ANALYZER_NONNULL = YES;
				CLANG_ANALYZER_NUMBER_OBJECT_CONVERSION = YES_AGGRESSIVE;
				CLANG_CXX_LANGUAGE_STANDARD = "gnu++14";
				CLANG_CXX_LIBRARY = "libc++";
				CLANG_ENABLE_MODULES = YES;
				CLANG_ENABLE_OBJC_ARC = YES;
				CLANG_WARN_BLOCK_CAPTURE_AUTORELEASING = YES;
				CLANG_WARN_BOOL_CONVERSION = YES;
				CLANG_WARN_COMMA = YES;
				CLANG_WARN_CONSTANT_CONVERSION = YES;
				CLANG_WARN_DIRECT_OBJC_ISA_USAGE = YES_ERROR;
				CLANG_WARN_DOCUMENTATION_COMMENTS = YES;
				CLANG_WARN_EMPTY_BODY = YES;
				CLANG_WARN_ENUM_CONVERSION = YES;
				CLANG_WARN_INFINITE_RECURSION = YES;
				CLANG_WARN_INT_CONVERSION = YES;
				CLANG_WARN_NON_LITERAL_NULL_CONVERSION = YES;
				CLANG_WARN_OBJC_LITERAL_CONVERSION = YES;
				CLANG_WARN_OBJC_ROOT_CLASS = YES_ERROR;
				CLANG_WARN_RANGE_LOOP_ANALYSIS = YES;
				CLANG_WARN_STRICT_PROTOTYPES = YES;
				CLANG_WARN_SUSPICIOUS_MOVE = YES;
				CLANG_WARN_UNGUARDED_AVAILABILITY = YES_AGGRESSIVE;
				CLANG_WARN_UNREACHABLE_CODE = YES;
				CLANG_WARN__DUPLICATE_METHOD_MATCH = YES;
				CODE_SIGN_IDENTITY = "iPhone Developer";
				COPY_PHASE_STRIP = NO;
				DEBUG_INFORMATION_FORMAT = "dwarf-with-dsym";
				ENABLE_NS_ASSERTIONS = NO;
				ENABLE_STRICT_OBJC_MSGSEND = YES;
				GCC_C_LANGUAGE_STANDARD = gnu11;
				GCC_NO_COMMON_BLOCKS = YES;
				GCC_WARN_64_TO_32_BIT_CONVERSION = YES;
				GCC_WARN_ABOUT_RETURN_TYPE = YES_ERROR;
				GCC_WARN_UNDECLARED_SELECTOR = YES;
				GCC_WARN_UNINITIALIZED_AUTOS = YES_AGGRESSIVE;
				GCC_WARN_UNUSED_FUNCTION = YES;
				GCC_WARN_UNUSED_VARIABLE = YES;
				IPHONEOS_DEPLOYMENT_TARGET = 11.2;
				MTL_ENABLE_DEBUG_INFO = NO;
				SDKROOT = iphoneos;
				SWIFT_OPTIMIZATION_LEVEL = "-Owholemodule";
				VALIDATE_PRODUCT = YES;
			};
			name = Release;
		};
		7B978F032063B1D600ABB0D5 /* Debug */ = {
			isa = XCBuildConfiguration;
			buildSettings = {
				ASSETCATALOG_COMPILER_APPICON_NAME = AppIcon;
				CODE_SIGN_STYLE = Automatic;
				INFOPLIST_FILE = foodOrderApp/Info.plist;
				LD_RUNPATH_SEARCH_PATHS = "$(inherited) @executable_path/Frameworks";
				PRODUCT_BUNDLE_IDENTIFIER = na.foodOrderApp;
				PRODUCT_NAME = "$(TARGET_NAME)";
				SWIFT_VERSION = 4.0;
				TARGETED_DEVICE_FAMILY = 2;
			};
			name = Debug;
		};
		7B978F042063B1D600ABB0D5 /* Release */ = {
			isa = XCBuildConfiguration;
			buildSettings = {
				ASSETCATALOG_COMPILER_APPICON_NAME = AppIcon;
				CODE_SIGN_STYLE = Automatic;
				INFOPLIST_FILE = foodOrderApp/Info.plist;
				LD_RUNPATH_SEARCH_PATHS = "$(inherited) @executable_path/Frameworks";
				PRODUCT_BUNDLE_IDENTIFIER = na.foodOrderApp;
				PRODUCT_NAME = "$(TARGET_NAME)";
				SWIFT_VERSION = 4.0;
				TARGETED_DEVICE_FAMILY = 2;
			};
			name = Release;
		};
		7B978F062063B1D600ABB0D5 /* Debug */ = {
			isa = XCBuildConfiguration;
			buildSettings = {
				ALWAYS_EMBED_SWIFT_STANDARD_LIBRARIES = YES;
				BUNDLE_LOADER = "$(TEST_HOST)";
				CODE_SIGN_STYLE = Automatic;
				INFOPLIST_FILE = foodOrderAppTests/Info.plist;
				LD_RUNPATH_SEARCH_PATHS = "$(inherited) @executable_path/Frameworks @loader_path/Frameworks";
				PRODUCT_BUNDLE_IDENTIFIER = na.foodOrderAppTests;
				PRODUCT_NAME = "$(TARGET_NAME)";
				SWIFT_VERSION = 4.0;
				TARGETED_DEVICE_FAMILY = "1,2";
				TEST_HOST = "$(BUILT_PRODUCTS_DIR)/foodOrderApp.app/foodOrderApp";
			};
			name = Debug;
		};
		7B978F072063B1D600ABB0D5 /* Release */ = {
			isa = XCBuildConfiguration;
			buildSettings = {
				ALWAYS_EMBED_SWIFT_STANDARD_LIBRARIES = YES;
				BUNDLE_LOADER = "$(TEST_HOST)";
				CODE_SIGN_STYLE = Automatic;
				INFOPLIST_FILE = foodOrderAppTests/Info.plist;
				LD_RUNPATH_SEARCH_PATHS = "$(inherited) @executable_path/Frameworks @loader_path/Frameworks";
				PRODUCT_BUNDLE_IDENTIFIER = na.foodOrderAppTests;
				PRODUCT_NAME = "$(TARGET_NAME)";
				SWIFT_VERSION = 4.0;
				TARGETED_DEVICE_FAMILY = "1,2";
				TEST_HOST = "$(BUILT_PRODUCTS_DIR)/foodOrderApp.app/foodOrderApp";
			};
			name = Release;
		};
		7B978F092063B1D600ABB0D5 /* Debug */ = {
			isa = XCBuildConfiguration;
			buildSettings = {
				ALWAYS_EMBED_SWIFT_STANDARD_LIBRARIES = YES;
				CODE_SIGN_STYLE = Automatic;
				INFOPLIST_FILE = foodOrderAppUITests/Info.plist;
				LD_RUNPATH_SEARCH_PATHS = "$(inherited) @executable_path/Frameworks @loader_path/Frameworks";
				PRODUCT_BUNDLE_IDENTIFIER = na.foodOrderAppUITests;
				PRODUCT_NAME = "$(TARGET_NAME)";
				SWIFT_VERSION = 4.0;
				TARGETED_DEVICE_FAMILY = "1,2";
				TEST_TARGET_NAME = foodOrderApp;
			};
			name = Debug;
		};
		7B978F0A2063B1D600ABB0D5 /* Release */ = {
			isa = XCBuildConfiguration;
			buildSettings = {
				ALWAYS_EMBED_SWIFT_STANDARD_LIBRARIES = YES;
				CODE_SIGN_STYLE = Automatic;
				INFOPLIST_FILE = foodOrderAppUITests/Info.plist;
				LD_RUNPATH_SEARCH_PATHS = "$(inherited) @executable_path/Frameworks @loader_path/Frameworks";
				PRODUCT_BUNDLE_IDENTIFIER = na.foodOrderAppUITests;
				PRODUCT_NAME = "$(TARGET_NAME)";
				SWIFT_VERSION = 4.0;
				TARGETED_DEVICE_FAMILY = "1,2";
				TEST_TARGET_NAME = foodOrderApp;
			};
			name = Release;
		};
/* End XCBuildConfiguration section */

/* Begin XCConfigurationList section */
		7B978ED22063B1D600ABB0D5 /* Build configuration list for PBXProject "foodOrderApp" */ = {
			isa = XCConfigurationList;
			buildConfigurations = (
				7B978F002063B1D600ABB0D5 /* Debug */,
				7B978F012063B1D600ABB0D5 /* Release */,
			);
			defaultConfigurationIsVisible = 0;
			defaultConfigurationName = Release;
		};
		7B978F022063B1D600ABB0D5 /* Build configuration list for PBXNativeTarget "foodOrderApp" */ = {
			isa = XCConfigurationList;
			buildConfigurations = (
				7B978F032063B1D600ABB0D5 /* Debug */,
				7B978F042063B1D600ABB0D5 /* Release */,
			);
			defaultConfigurationIsVisible = 0;
			defaultConfigurationName = Release;
		};
		7B978F052063B1D600ABB0D5 /* Build configuration list for PBXNativeTarget "foodOrderAppTests" */ = {
			isa = XCConfigurationList;
			buildConfigurations = (
				7B978F062063B1D600ABB0D5 /* Debug */,
				7B978F072063B1D600ABB0D5 /* Release */,
			);
			defaultConfigurationIsVisible = 0;
			defaultConfigurationName = Release;
		};
		7B978F082063B1D600ABB0D5 /* Build configuration list for PBXNativeTarget "foodOrderAppUITests" */ = {
			isa = XCConfigurationList;
			buildConfigurations = (
				7B978F092063B1D600ABB0D5 /* Debug */,
				7B978F0A2063B1D600ABB0D5 /* Release */,
			);
			defaultConfigurationIsVisible = 0;
			defaultConfigurationName = Release;
		};
/* End XCConfigurationList section */

/* Begin XCVersionGroup section */
		7B978EE12063B1D600ABB0D5 /* foodOrderApp.xcdatamodeld */ = {
			isa = XCVersionGroup;
			children = (
				7B978EE22063B1D600ABB0D5 /* foodOrderApp.xcdatamodel */,
			);
			currentVersion = 7B978EE22063B1D600ABB0D5 /* foodOrderApp.xcdatamodel */;
			path = foodOrderApp.xcdatamodeld;
			sourceTree = "<group>";
			versionGroupType = wrapper.xcdatamodel;
		};
/* End XCVersionGroup section */
	};
	rootObject = 7B978ECF2063B1D600ABB0D5 /* Project object */;
}
